
Microsoft Visual Studio Solution File, Format Version 12.00
# Visual Studio Version 17
VisualStudioVersion = 17.13.35919.96 d17.13
MinimumVisualStudioVersion = 10.0.40219.1
Project("{FAE04EC0-301F-11D3-BF4B-00C04F79EFBC}") = "DiamanteDeX.ConsoleApp", "DiamanteDeX.ConsoleApp\DiamanteDeX.ConsoleApp.csproj", "{89AF4F5C-D245-40DB-B4CD-419BACF99352}"
EndProject
Global
	GlobalSection(SolutionConfigurationPlatforms) = preSolution
		Debug|Any CPU = Debug|Any CPU
		Release|Any CPU = Release|Any CPU
	EndGlobalSection
	GlobalSection(ProjectConfigurationPlatforms) = postSolution
		{89AF4F5C-D245-40DB-B4CD-419BACF99352}.Debug|Any CPU.ActiveCfg = Debug|Any CPU
		{89AF4F5C-D245-40DB-B4CD-419BACF99352}.Debug|Any CPU.Build.0 = Debug|Any CPU
		{89AF4F5C-D245-40DB-B4CD-419BACF99352}.Release|Any CPU.ActiveCfg = Release|Any CPU
		{89AF4F5C-D245-40DB-B4CD-419BACF99352}.Release|Any CPU.Build.0 = Release|Any CPU
	EndGlobalSection
	GlobalSection(SolutionProperties) = preSolution
		HideSolutionNode = FALSE
	EndGlobalSection
	GlobalSection(ExtensibilityGlobals) = postSolution
		SolutionGuid = {090E7DF2-2575-40BF-B317-79DDB59B032E}
	EndGlobalSection
EndGlobal
